// !$*UTF8*$!
{
	archiveVersion = 1;
	classes = {
	};
	objectVersion = 77;
	objects = {

/* Begin PBXBuildFile section */
		0C17CA342F970F3000454B32 /* CoreLocation.framework in Frameworks */ = {isa = PBXBuildFile; fileRef = 0C17CA332F970F3000454B32 /* CoreLocation.framework */; };
		0C6E8CC42F35EB89009AD1B7 /* Security.framework in Frameworks */ = {isa = PBXBuildFile; fileRef = 0C6E8CC32F35EB89009AD1B7 /* Security.framework */; };
		0C7031842F38C012008BCF29 /* CoreTelephony.framework in Frameworks */ = {isa = PBXBuildFile; fileRef = 0C7031832F38C012008BCF29 /* CoreTelephony.framework */; };
		0C8179822FF20D84002C4666 /* Podfile in Resources */ = {isa = PBXBuildFile; fileRef = 0C8179812FF20D84002C4666 /* Podfile */; };
		E250D6B6DC938C611C067193 /* Pods_AdbidSDKDemo.framework in Frameworks */ = {isa = PBXBuildFile; fileRef = 9F0AB6F777D3A837A9047F4B /* Pods_AdbidSDKDemo.framework */; };
/* End PBXBuildFile section */

/* Begin PBXFileReference section */
		0C17CA332F970F3000454B32 /* CoreLocation.framework */ = {isa = PBXFileReference; lastKnownFileType = wrapper.framework; name = CoreLocation.framework; path = System/Library/Frameworks/CoreLocation.framework; sourceTree = SDKROOT; };
		0C6E8CC32F35EB89009AD1B7 /* Security.framework */ = {isa = PBXFileReference; lastKnownFileType = wrapper.framework; name = Security.framework; path = System/Library/Frameworks/Security.framework; sourceTree = SDKROOT; };
		0C7031832F38C012008BCF29 /* CoreTelephony.framework */ = {isa = PBXFileReference; lastKnownFileType = wrapper.framework; name = CoreTelephony.framework; path = System/Library/Frameworks/CoreTelephony.framework; sourceTree = SDKROOT; };
		0C8179812FF20D84002C4666 /* Podfile */ = {isa = PBXFileReference; lastKnownFileType = text; path = Podfile; sourceTree = SOURCE_ROOT; xcLanguageSpecificationIdentifier = xcode.lang.ruby; };
		12A2B9A0760A714686930AA9 /* Pods-LeadMoadAdSDKDemo.release.xcconfig */ = {isa = PBXFileReference; includeInIndex = 1; lastKnownFileType = text.xcconfig; name = "Pods-LeadMoadAdSDKDemo.release.xcconfig"; path = "Target Support Files/Pods-LeadMoadAdSDKDemo/Pods-LeadMoadAdSDKDemo.release.xcconfig"; sourceTree = "<group>"; };
		309C30E1279F58C852E02FB0 /* Pods-LeadMoadAdSDKDemo.debug.xcconfig */ = {isa = PBXFileReference; includeInIndex = 1; lastKnownFileType = text.xcconfig; name = "Pods-LeadMoadAdSDKDemo.debug.xcconfig"; path = "Target Support Files/Pods-LeadMoadAdSDKDemo/Pods-LeadMoadAdSDKDemo.debug.xcconfig"; sourceTree = "<group>"; };
		3F5E356A2E7A35C8004E9A2C /* AdbidSDKDemo.app */ = {isa = PBXFileReference; explicitFileType = wrapper.application; includeInIndex = 0; path = AdbidSDKDemo.app; sourceTree = BUILT_PRODUCTS_DIR; };
		9F0AB6F777D3A837A9047F4B /* Pods_AdbidSDKDemo.framework */ = {isa = PBXFileReference; explicitFileType = wrapper.framework; includeInIndex = 0; path = Pods_AdbidSDKDemo.framework; sourceTree = BUILT_PRODUCTS_DIR; };
		E600E9AEB2E05AED27C69563 /* Pods-AdbidSDKDemo.debug.xcconfig */ = {isa = PBXFileReference; includeInIndex = 1; lastKnownFileType = text.xcconfig; name = "Pods-AdbidSDKDemo.debug.xcconfig"; path = "Target Support Files/Pods-AdbidSDKDemo/Pods-AdbidSDKDemo.debug.xcconfig"; sourceTree = "<group>"; };
		E68ADE486E0FEF54156A8BC2 /* Pods-AdbidSDKDemo.release.xcconfig */ = {isa = PBXFileReference; includeInIndex = 1; lastKnownFileType = text.xcconfig; name = "Pods-AdbidSDKDemo.release.xcconfig"; path = "Target Support Files/Pods-AdbidSDKDemo/Pods-AdbidSDKDemo.release.xcconfig"; sourceTree = "<group>"; };
/* End PBXFileReference section */

/* Begin PBXFileSystemSynchronizedBuildFileExceptionSet section */
		3F5E35812E7A35C9004E9A2C /* Exceptions for "AdbidSDKDemo" folder in "AdbidSDKDemo" target */ = {
			isa = PBXFileSystemSynchronizedBuildFileExceptionSet;
			membershipExceptions = (
				Info.plist,
			);
			target = 3F5E35692E7A35C8004E9A2C /* AdbidSDKDemo */;
		};
/* End PBXFileSystemSynchronizedBuildFileExceptionSet section */

/* Begin PBXFileSystemSynchronizedRootGroup section */
		3F5E356C2E7A35C8004E9A2C /* AdbidSDKDemo */ = {
			isa = PBXFileSystemSynchronizedRootGroup;
			exceptions = (
				3F5E35812E7A35C9004E9A2C /* Exceptions for "AdbidSDKDemo" folder in "AdbidSDKDemo" target */,
			);
			path = AdbidSDKDemo;
			sourceTree = "<group>";
		};
/* End PBXFileSystemSynchronizedRootGroup section */

/* Begin PBXFrameworksBuildPhase section */
		3F5E35672E7A35C8004E9A2C /* Frameworks */ = {
			isa = PBXFrameworksBuildPhase;
			buildActionMask = 2147483647;
			files = (
				0C17CA342F970F3000454B32 /* CoreLocation.framework in Frameworks */,
				0C7031842F38C012008BCF29 /* CoreTelephony.framework in Frameworks */,
				0C6E8CC42F35EB89009AD1B7 /* Security.framework in Frameworks */,
				E250D6B6DC938C611C067193 /* Pods_AdbidSDKDemo.framework in Frameworks */,
			);
			runOnlyForDeploymentPostprocessing = 0;
		};
/* End PBXFrameworksBuildPhase section */

/* Begin PBXGroup section */
		3CDB1891A081C3D9A6C2DA1C /* Frameworks */ = {
			isa = PBXGroup;
			children = (
				0C8179812FF20D84002C4666 /* Podfile */,
				0C17CA332F970F3000454B32 /* CoreLocation.framework */,
				0C7031832F38C012008BCF29 /* CoreTelephony.framework */,
				0C6E8CC32F35EB89009AD1B7 /* Security.framework */,
				9F0AB6F777D3A837A9047F4B /* Pods_AdbidSDKDemo.framework */,
			);
			name = Frameworks;
			sourceTree = "<group>";
		};
		3F5E35612E7A35C8004E9A2C = {
			isa = PBXGroup;
			children = (
				3F5E356C2E7A35C8004E9A2C /* AdbidSDKDemo */,
				3F5E356B2E7A35C8004E9A2C /* Products */,
				CAEF74F4B8968456B2E7D252 /* Pods */,
				3CDB1891A081C3D9A6C2DA1C /* Frameworks */,
			);
			sourceTree = "<group>";
		};
		3F5E356B2E7A35C8004E9A2C /* Products */ = {
			isa = PBXGroup;
			children = (
				3F5E356A2E7A35C8004E9A2C /* AdbidSDKDemo.app */,
			);
			name = Products;
			sourceTree = "<group>";
		};
		CAEF74F4B8968456B2E7D252 /* Pods */ = {
			isa = PBXGroup;
			children = (
				309C30E1279F58C852E02FB0 /* Pods-LeadMoadAdSDKDemo.debug.xcconfig */,
				12A2B9A0760A714686930AA9 /* Pods-LeadMoadAdSDKDemo.release.xcconfig */,
				E600E9AEB2E05AED27C69563 /* Pods-AdbidSDKDemo.debug.xcconfig */,
				E68ADE486E0FEF54156A8BC2 /* Pods-AdbidSDKDemo.release.xcconfig */,
			);
			path = Pods;
			sourceTree = "<group>";
		};
/* End PBXGroup section */

/* Begin PBXNativeTarget section */
		3F5E35692E7A35C8004E9A2C /* AdbidSDKDemo */ = {
			isa = PBXNativeTarget;
			buildConfigurationList = 3F5E35822E7A35C9004E9A2C /* Build configuration list for PBXNativeTarget "AdbidSDKDemo" */;
			buildPhases = (
				395F695F5D25308ECFDA15A1 /* [CP] Check Pods Manifest.lock */,
				3F5E35662E7A35C8004E9A2C /* Sources */,
				3F5E35672E7A35C8004E9A2C /* Frameworks */,
				3F5E35682E7A35C8004E9A2C /* Resources */,
				524B4055489191D44255E35D /* [CP] Embed Pods Frameworks */,
				FA42AC243643FE897156C79D /* [CP] Copy Pods Resources */,
			);
			buildRules = (
			);
			dependencies = (
			);
			fileSystemSynchronizedGroups = (
				3F5E356C2E7A35C8004E9A2C /* AdbidSDKDemo */,
			);
			name = AdbidSDKDemo;
			productName = LeadMoadAdSDKDemo;
			productReference = 3F5E356A2E7A35C8004E9A2C /* AdbidSDKDemo.app */;
			productType = "com.apple.product-type.application";
		};
/* End PBXNativeTarget section */

/* Begin PBXProject section */
		3F5E35622E7A35C8004E9A2C /* Project object */ = {
			isa = PBXProject;
			attributes = {
				BuildIndependentTargetsInParallel = 1;
				LastUpgradeCheck = 1630;
				TargetAttributes = {
					3F5E35692E7A35C8004E9A2C = {
						CreatedOnToolsVersion = 16.3;
						LastSwiftMigration = 1630;
					};
				};
			};
			buildConfigurationList = 3F5E35652E7A35C8004E9A2C /* Build configuration list for PBXProject "AdbidSDKDemo" */;
			developmentRegion = en;
			hasScannedForEncodings = 0;
			knownRegions = (
				en,
				Base,
			);
			mainGroup = 3F5E35612E7A35C8004E9A2C;
			minimizedProjectReferenceProxies = 1;
			preferredProjectObjectVersion = 77;
			productRefGroup = 3F5E356B2E7A35C8004E9A2C /* Products */;
			projectDirPath = "";
			projectRoot = "";
			targets = (
				3F5E35692E7A35C8004E9A2C /* AdbidSDKDemo */,
			);
		};
/* End PBXProject section */

/* Begin PBXResourcesBuildPhase section */
		3F5E35682E7A35C8004E9A2C /* Resources */ = {
			isa = PBXResourcesBuildPhase;
			buildActionMask = 2147483647;
			files = (
				0C8179822FF20D84002C4666 /* Podfile in Resources */,
			);
			runOnlyForDeploymentPostprocessing = 0;
		};
/* End PBXResourcesBuildPhase section */

/* Begin PBXShellScriptBuildPhase section */
		395F695F5D25308ECFDA15A1 /* [CP] Check Pods Manifest.lock */ = {
			isa = PBXShellScriptBuildPhase;
			buildActionMask = 2147483647;
			files = (
			);
			inputFileListPaths = (
			);
			inputPaths = (
				"${PODS_PODFILE_DIR_PATH}/Podfile.lock",
				"${PODS_ROOT}/Manifest.lock",
			);
			name = "[CP] Check Pods Manifest.lock";
			outputFileListPaths = (
			);
			outputPaths = (
				"$(DERIVED_FILE_DIR)/Pods-AdbidSDKDemo-checkManifestLockResult.txt",
			);
			runOnlyForDeploymentPostprocessing = 0;
			shellPath = /bin/sh;
			shellScript = "diff \"${PODS_PODFILE_DIR_PATH}/Podfile.lock\" \"${PODS_ROOT}/Manifest.lock\" > /dev/null\nif [ $? != 0 ] ; then\n    # print error to STDERR\n    echo \"error: The sandbox is not in sync with the Podfile.lock. Run 'pod install' or update your CocoaPods installation.\" >&2\n    exit 1\nfi\n# This output is used by Xcode 'outputs' to avoid re-running this script phase.\necho \"SUCCESS\" > \"${SCRIPT_OUTPUT_FILE_0}\"\n";
			showEnvVarsInLog = 0;
		};
		524B4055489191D44255E35D /* [CP] Embed Pods Frameworks */ = {
			isa = PBXShellScriptBuildPhase;
			buildActionMask = 2147483647;
			files = (
			);
			inputFileListPaths = (
				"${PODS_ROOT}/Target Support Files/Pods-AdbidSDKDemo/Pods-AdbidSDKDemo-frameworks-${CONFIGURATION}-input-files.xcfilelist",
			);
			inputPaths = (
			);
			name = "[CP] Embed Pods Frameworks";
			outputFileListPaths = (
				"${PODS_ROOT}/Target Support Files/Pods-AdbidSDKDemo/Pods-AdbidSDKDemo-frameworks-${CONFIGURATION}-output-files.xcfilelist",
			);
			outputPaths = (
			);
			runOnlyForDeploymentPostprocessing = 0;
			shellPath = /bin/sh;
			shellScript = "\"${PODS_ROOT}/Target Support Files/Pods-AdbidSDKDemo/Pods-AdbidSDKDemo-frameworks.sh\"\n";
			showEnvVarsInLog = 0;
		};
		FA42AC243643FE897156C79D /* [CP] Copy Pods Resources */ = {
			isa = PBXShellScriptBuildPhase;
			buildActionMask = 2147483647;
			files = (
			);
			inputFileListPaths = (
				"${PODS_ROOT}/Target Support Files/Pods-AdbidSDKDemo/Pods-AdbidSDKDemo-resources-${CONFIGURATION}-input-files.xcfilelist",
			);
			inputPaths = (
			);
			name = "[CP] Copy Pods Resources";
			outputFileListPaths = (
				"${PODS_ROOT}/Target Support Files/Pods-AdbidSDKDemo/Pods-AdbidSDKDemo-resources-${CONFIGURATION}-output-files.xcfilelist",
			);
			outputPaths = (
			);
			runOnlyForDeploymentPostprocessing = 0;
			shellPath = /bin/sh;
			shellScript = "\"${PODS_ROOT}/Target Support Files/Pods-AdbidSDKDemo/Pods-AdbidSDKDemo-resources.sh\"\n";
			showEnvVarsInLog = 0;
		};
/* End PBXShellScriptBuildPhase section */

/* Begin PBXSourcesBuildPhase section */
		3F5E35662E7A35C8004E9A2C /* Sources */ = {
			isa = PBXSourcesBuildPhase;
			buildActionMask = 2147483647;
			files = (
			);
			runOnlyForDeploymentPostprocessing = 0;
		};
/* End PBXSourcesBuildPhase section */

/* Begin XCBuildConfiguration section */
		3F5E35832E7A35C9004E9A2C /* Debug */ = {
			isa = XCBuildConfiguration;
			baseConfigurationReference = E600E9AEB2E05AED27C69563 /* Pods-AdbidSDKDemo.debug.xcconfig */;
			buildSettings = {
				ASSETCATALOG_COMPILER_APPICON_NAME = AppIcon;
				ASSETCATALOG_COMPILER_GLOBAL_ACCENT_COLOR_NAME = AccentColor;
				CLANG_ENABLE_MODULES = YES;
				CODE_SIGN_ENTITLEMENTS = AdbidSDKDemo/AdbidSDKDemo.entitlements;
				CODE_SIGN_IDENTITY = "Apple Development";
				CODE_SIGN_STYLE = Automatic;
				CURRENT_PROJECT_VERSION = 1;
				DEVELOPMENT_TEAM = YL62725LN3;
				ENABLE_USER_SCRIPT_SANDBOXING = NO;
				GENERATE_INFOPLIST_FILE = YES;
				INFOPLIST_FILE = AdbidSDKDemo/Info.plist;
				INFOPLIST_KEY_CFBundleDisplayName = "LM聚合广告";
				INFOPLIST_KEY_NSLocationWhenInUseUsageDescription = "用于获取您的当前位置";
				INFOPLIST_KEY_NSPhotoLibraryUsageDescription = "需要访问相册以完成广告相关操作";
				INFOPLIST_KEY_NSUserTrackingUsageDescription = "需要访问广告标识以提供更精准的广告服务";
				INFOPLIST_KEY_UIApplicationSupportsIndirectInputEvents = YES;
				INFOPLIST_KEY_UILaunchStoryboardName = LaunchScreen;
				INFOPLIST_KEY_UISupportedInterfaceOrientations = "UIInterfaceOrientationLandscapeLeft UIInterfaceOrientationLandscapeRight UIInterfaceOrientationPortrait";
				INFOPLIST_KEY_UISupportedInterfaceOrientations_iPad = "UIInterfaceOrientationLandscapeLeft UIInterfaceOrientationLandscapeRight UIInterfaceOrientationPortrait UIInterfaceOrientationPortraitUpsideDown";
				IPHONEOS_DEPLOYMENT_TARGET = 13.0;
				LD_RUNPATH_SEARCH_PATHS = (
					"$(inherited)",
					"@executable_path/Frameworks",
				);
				LIBRARY_SEARCH_PATHS = (
					"$(inherited)",
					"$(PROJECT_DIR)/NativeAdDemo/lib",
					"$(PROJECT_DIR)/LeadMoadAdSDKDemo/lib",
					"$(PROJECT_DIR)/AdbidSDKDemo/lib",
				);
				MARKETING_VERSION = 0.1.3;
				OTHER_LDFLAGS = (
					"$(inherited)",
					"-framework",
					"\"Foundation\"",
					"-framework",
					"\"UIKit\"",
					"-ObjC",
					"-all_load",
				);
				PRODUCT_BUNDLE_IDENTIFIER = com.leadmoad.adbid.demo;
				PRODUCT_NAME = "$(TARGET_NAME)";
				PROVISIONING_PROFILE_SPECIFIER = "";
				SUPPORTED_PLATFORMS = "iphoneos iphonesimulator";
				SUPPORTS_MACCATALYST = NO;
				SUPPORTS_MAC_DESIGNED_FOR_IPHONE_IPAD = NO;
				SUPPORTS_XR_DESIGNED_FOR_IPHONE_IPAD = NO;
				SWIFT_EMIT_LOC_STRINGS = YES;
				SWIFT_OBJC_BRIDGING_HEADER = "AdbidSDKDemo/AdbidSDKDemo-Bridging-Header.h";
				SWIFT_OPTIMIZATION_LEVEL = "-Onone";
				SWIFT_VERSION = 6.0;
				TARGETED_DEVICE_FAMILY = "1,2";
			};
			name = Debug;
		};
		3F5E35842E7A35C9004E9A2C /* Release */ = {
			isa = XCBuildConfiguration;
			baseConfigurationReference = E68ADE486E0FEF54156A8BC2 /* Pods-AdbidSDKDemo.release.xcconfig */;
			buildSettings = {
				ASSETCATALOG_COMPILER_APPICON_NAME = AppIcon;
				ASSETCATALOG_COMPILER_GLOBAL_ACCENT_COLOR_NAME = AccentColor;
				CLANG_ENABLE_MODULES = YES;
				CODE_SIGN_ENTITLEMENTS = AdbidSDKDemo/AdbidSDKDemo.entitlements;
				CODE_SIGN_IDENTITY = "Apple Development";
				CODE_SIGN_STYLE = Automatic;
				CURRENT_PROJECT_VERSION = 1;
				DEVELOPMENT_TEAM = YL62725LN3;
				ENABLE_USER_SCRIPT_SANDBOXING = NO;
				GENERATE_INFOPLIST_FILE = YES;
				INFOPLIST_FILE = AdbidSDKDemo/Info.plist;
				INFOPLIST_KEY_CFBundleDisplayName = "LM聚合广告";
				INFOPLIST_KEY_NSLocationWhenInUseUsageDescription = "用于获取您的当前位置";
				INFOPLIST_KEY_NSPhotoLibraryUsageDescription = "需要访问相册以完成广告相关操作";
				INFOPLIST_KEY_NSUserTrackingUsageDescription = "需要访问广告标识以提供更精准的广告服务";
				INFOPLIST_KEY_UIApplicationSupportsIndirectInputEvents = YES;
				INFOPLIST_KEY_UILaunchStoryboardName = LaunchScreen;
				INFOPLIST_KEY_UISupportedInterfaceOrientations = "UIInterfaceOrientationLandscapeLeft UIInterfaceOrientationLandscapeRight UIInterfaceOrientationPortrait";
				INFOPLIST_KEY_UISupportedInterfaceOrientations_iPad = "UIInterfaceOrientationLandscapeLeft UIInterfaceOrientationLandscapeRight UIInterfaceOrientationPortrait UIInterfaceOrientationPortraitUpsideDown";
				IPHONEOS_DEPLOYMENT_TARGET = 13.0;
				LD_RUNPATH_SEARCH_PATHS = (
					"$(inherited)",
					"@executable_path/Frameworks",
				);
				LIBRARY_SEARCH_PATHS = (
					"$(inherited)",
					"$(PROJECT_DIR)/NativeAdDemo/lib",
					"$(PROJECT_DIR)/LeadMoadAdSDKDemo/lib",
					"$(PROJECT_DIR)/AdbidSDKDemo/lib",
				);
				MARKETING_VERSION = 0.1.3;
				OTHER_LDFLAGS = (
					"$(inherited)",
					"-framework",
					"\"Foundation\"",
					"-framework",
					"\"UIKit\"",
					"-ObjC",
					"-all_load",
				);
				PRODUCT_BUNDLE_IDENTIFIER = com.leadmoad.adbid.demo;
				PRODUCT_NAME = "$(TARGET_NAME)";
				PROVISIONING_PROFILE_SPECIFIER = "";
				SUPPORTED_PLATFORMS = "iphoneos iphonesimulator";
				SUPPORTS_MACCATALYST = NO;
				SUPPORTS_MAC_DESIGNED_FOR_IPHONE_IPAD = NO;
				SUPPORTS_XR_DESIGNED_FOR_IPHONE_IPAD = NO;
				SWIFT_EMIT_LOC_STRINGS = YES;
				SWIFT_OBJC_BRIDGING_HEADER = "AdbidSDKDemo/AdbidSDKDemo-Bridging-Header.h";
				SWIFT_VERSION = 6.0;
				TARGETED_DEVICE_FAMILY = "1,2";
			};
			name = Release;
		};
		3F5E35852E7A35C9004E9A2C /* Debug */ = {
			isa = XCBuildConfiguration;
			buildSettings = {
				ALWAYS_SEARCH_USER_PATHS = NO;
				ASSETCATALOG_COMPILER_GENERATE_SWIFT_ASSET_SYMBOL_EXTENSIONS = YES;
				CLANG_ANALYZER_NONNULL = YES;
				CLANG_ANALYZER_NUMBER_OBJECT_CONVERSION = YES_AGGRESSIVE;
				CLANG_CXX_LANGUAGE_STANDARD = "gnu++20";
				CLANG_ENABLE_MODULES = YES;
				CLANG_ENABLE_OBJC_ARC = YES;
				CLANG_ENABLE_OBJC_WEAK = YES;
				CLANG_WARN_BLOCK_CAPTURE_AUTORELEASING = YES;
				CLANG_WARN_BOOL_CONVERSION = YES;
				CLANG_WARN_COMMA = YES;
				CLANG_WARN_CONSTANT_CONVERSION = YES;
				CLANG_WARN_DEPRECATED_OBJC_IMPLEMENTATIONS = YES;
				CLANG_WARN_DIRECT_OBJC_ISA_USAGE = YES_ERROR;
				CLANG_WARN_DOCUMENTATION_COMMENTS = YES;
				CLANG_WARN_EMPTY_BODY = YES;
				CLANG_WARN_ENUM_CONVERSION = YES;
				CLANG_WARN_INFINITE_RECURSION = YES;
				CLANG_WARN_INT_CONVERSION = YES;
				CLANG_WARN_NON_LITERAL_NULL_CONVERSION = YES;
				CLANG_WARN_OBJC_IMPLICIT_RETAIN_SELF = YES;
				CLANG_WARN_OBJC_LITERAL_CONVERSION = YES;
				CLANG_WARN_OBJC_ROOT_CLASS = YES_ERROR;
				CLANG_WARN_QUOTED_INCLUDE_IN_FRAMEWORK_HEADER = YES;
				CLANG_WARN_RANGE_LOOP_ANALYSIS = YES;
				CLANG_WARN_STRICT_PROTOTYPES = YES;
				CLANG_WARN_SUSPICIOUS_MOVE = YES;
				CLANG_WARN_UNGUARDED_AVAILABILITY = YES_AGGRESSIVE;
				CLANG_WARN_UNREACHABLE_CODE = YES;
				CLANG_WARN__DUPLICATE_METHOD_MATCH = YES;
				COPY_PHASE_STRIP = NO;
				DEBUG_INFORMATION_FORMAT = dwarf;
				ENABLE_STRICT_OBJC_MSGSEND = YES;
				ENABLE_TESTABILITY = YES;
				ENABLE_USER_SCRIPT_SANDBOXING = YES;
				GCC_C_LANGUAGE_STANDARD = gnu17;
				GCC_DYNAMIC_NO_PIC = NO;
				GCC_NO_COMMON_BLOCKS = YES;
				GCC_OPTIMIZATION_LEVEL = 0;
				GCC_PREPROCESSOR_DEFINITIONS = (
					"DEBUG=1",
					"$(inherited)",
				);
				GCC_WARN_64_TO_32_BIT_CONVERSION = YES;
				GCC_WARN_ABOUT_RETURN_TYPE = YES_ERROR;
				GCC_WARN_UNDECLARED_SELECTOR = YES;
				GCC_WARN_UNINITIALIZED_AUTOS = YES_AGGRESSIVE;
				GCC_WARN_UNUSED_FUNCTION = YES;
				GCC_WARN_UNUSED_VARIABLE = YES;
				IPHONEOS_DEPLOYMENT_TARGET = 18.4;
				LOCALIZATION_PREFERS_STRING_CATALOGS = YES;
				MTL_ENABLE_DEBUG_INFO = INCLUDE_SOURCE;
				MTL_FAST_MATH = YES;
				ONLY_ACTIVE_ARCH = YES;
				SDKROOT = iphoneos;
			};
			name = Debug;
		};
		3F5E35862E7A35C9004E9A2C /* Release */ = {
			isa = XCBuildConfiguration;
			buildSettings = {
				ALWAYS_SEARCH_USER_PATHS = NO;
				ASSETCATALOG_COMPILER_GENERATE_SWIFT_ASSET_SYMBOL_EXTENSIONS = YES;
				CLANG_ANALYZER_NONNULL = YES;
				CLANG_ANALYZER_NUMBER_OBJECT_CONVERSION = YES_AGGRESSIVE;
				CLANG_CXX_LANGUAGE_STANDARD = "gnu++20";
				CLANG_ENABLE_MODULES = YES;
				CLANG_ENABLE_OBJC_ARC = YES;
				CLANG_ENABLE_OBJC_WEAK = YES;
				CLANG_WARN_BLOCK_CAPTURE_AUTORELEASING = YES;
				CLANG_WARN_BOOL_CONVERSION = YES;
				CLANG_WARN_COMMA = YES;
				CLANG_WARN_CONSTANT_CONVERSION = YES;
				CLANG_WARN_DEPRECATED_OBJC_IMPLEMENTATIONS = YES;
				CLANG_WARN_DIRECT_OBJC_ISA_USAGE = YES_ERROR;
				CLANG_WARN_DOCUMENTATION_COMMENTS = YES;
				CLANG_WARN_EMPTY_BODY = YES;
				CLANG_WARN_ENUM_CONVERSION = YES;
				CLANG_WARN_INFINITE_RECURSION = YES;
				CLANG_WARN_INT_CONVERSION = YES;
				CLANG_WARN_NON_LITERAL_NULL_CONVERSION = YES;
				CLANG_WARN_OBJC_IMPLICIT_RETAIN_SELF = YES;
				CLANG_WARN_OBJC_LITERAL_CONVERSION = YES;
				CLANG_WARN_OBJC_ROOT_CLASS = YES_ERROR;
				CLANG_WARN_QUOTED_INCLUDE_IN_FRAMEWORK_HEADER = YES;
				CLANG_WARN_RANGE_LOOP_ANALYSIS = YES;
				CLANG_WARN_STRICT_PROTOTYPES = YES;
				CLANG_WARN_SUSPICIOUS_MOVE = YES;
				CLANG_WARN_UNGUARDED_AVAILABILITY = YES_AGGRESSIVE;
				CLANG_WARN_UNREACHABLE_CODE = YES;
				CLANG_WARN__DUPLICATE_METHOD_MATCH = YES;
				COPY_PHASE_STRIP = NO;
				DEBUG_INFORMATION_FORMAT = "dwarf-with-dsym";
				ENABLE_NS_ASSERTIONS = NO;
				ENABLE_STRICT_OBJC_MSGSEND = YES;
				ENABLE_USER_SCRIPT_SANDBOXING = YES;
				GCC_C_LANGUAGE_STANDARD = gnu17;
				GCC_NO_COMMON_BLOCKS = YES;
				GCC_WARN_64_TO_32_BIT_CONVERSION = YES;
				GCC_WARN_ABOUT_RETURN_TYPE = YES_ERROR;
				GCC_WARN_UNDECLARED_SELECTOR = YES;
				GCC_WARN_UNINITIALIZED_AUTOS = YES_AGGRESSIVE;
				GCC_WARN_UNUSED_FUNCTION = YES;
				GCC_WARN_UNUSED_VARIABLE = YES;
				IPHONEOS_DEPLOYMENT_TARGET = 18.4;
				LOCALIZATION_PREFERS_STRING_CATALOGS = YES;
				MTL_ENABLE_DEBUG_INFO = NO;
				MTL_FAST_MATH = YES;
				SDKROOT = iphoneos;
				VALIDATE_PRODUCT = YES;
			};
			name = Release;
		};
/* End XCBuildConfiguration section */

/* Begin XCConfigurationList section */
		3F5E35652E7A35C8004E9A2C /* Build configuration list for PBXProject "AdbidSDKDemo" */ = {
			isa = XCConfigurationList;
			buildConfigurations = (
				3F5E35852E7A35C9004E9A2C /* Debug */,
				3F5E35862E7A35C9004E9A2C /* Release */,
			);
			defaultConfigurationIsVisible = 0;
			defaultConfigurationName = Release;
		};
		3F5E35822E7A35C9004E9A2C /* Build configuration list for PBXNativeTarget "AdbidSDKDemo" */ = {
			isa = XCConfigurationList;
			buildConfigurations = (
				3F5E35832E7A35C9004E9A2C /* Debug */,
				3F5E35842E7A35C9004E9A2C /* Release */,
			);
			defaultConfigurationIsVisible = 0;
			defaultConfigurationName = Release;
		};
/* End XCConfigurationList section */
	};
	rootObject = 3F5E35622E7A35C8004E9A2C /* Project object */;
}
