PODS:
  - MentaVL48AggSDK (1.0.0):
    - MentaVL48SDK
  - MentaVL48SDK (1.0.0)

DEPENDENCIES:
  - MentaVL48AggSDK (from `./MentaSDK`)
  - MentaVL48SDK (from `./MentaSDK`)

EXTERNAL SOURCES:
  MentaVL48AggSDK:
    :path: "./MentaSDK"
  MentaVL48SDK:
    :path: "./MentaSDK"

SPEC CHECKSUMS:
  MentaVL48AggSDK: fcc790eb09316a34dbc06cff94448b7997b2a179
  MentaVL48SDK: 25748f03da782d0e58130d890640048d01cfaeb1

PODFILE CHECKSUM: 5924893aa4f6a5e7a1f01daf7a83a197596d393b

COCOAPODS: 1.16.2
